
Microsoft Visual Studio Solution File, Format Version 12.00
# Visual Studio 15
VisualStudioVersion = 15.0.28307.779
MinimumVisualStudioVersion = 10.0.40219.1
Project("{FAE04EC0-301F-11D3-BF4B-00C04F79EFBC}") = "events.tac.local", "events.tac.local\events.tac.local.csproj", "{ADFC07CA-82EB-4A15-A533-F26CDC4E67A4}"
EndProject
Project("{FAE04EC0-301F-11D3-BF4B-00C04F79EFBC}") = "events.tac.local.Tests", "events.tac.local.Tests\events.tac.local.Tests.csproj", "{D7E441E5-F262-4638-9300-E4994091211D}"
EndProject
Global
	GlobalSection(SolutionConfigurationPlatforms) = preSolution
		Debug|Any CPU = Debug|Any CPU
		Release|Any CPU = Release|Any CPU
	EndGlobalSection
	GlobalSection(ProjectConfigurationPlatforms) = postSolution
		{ADFC07CA-82EB-4A15-A533-F26CDC4E67A4}.Debug|Any CPU.ActiveCfg = Debug|Any CPU
		{ADFC07CA-82EB-4A15-A533-F26CDC4E67A4}.Debug|Any CPU.Build.0 = Debug|Any CPU
		{ADFC07CA-82EB-4A15-A533-F26CDC4E67A4}.Release|Any CPU.ActiveCfg = Release|Any CPU
		{ADFC07CA-82EB-4A15-A533-F26CDC4E67A4}.Release|Any CPU.Build.0 = Release|Any CPU
		{D7E441E5-F262-4638-9300-E4994091211D}.Debug|Any CPU.ActiveCfg = Debug|Any CPU
		{D7E441E5-F262-4638-9300-E4994091211D}.Debug|Any CPU.Build.0 = Debug|Any CPU
		{D7E441E5-F262-4638-9300-E4994091211D}.Release|Any CPU.ActiveCfg = Release|Any CPU
		{D7E441E5-F262-4638-9300-E4994091211D}.Release|Any CPU.Build.0 = Release|Any CPU
	EndGlobalSection
	GlobalSection(SolutionProperties) = preSolution
		HideSolutionNode = FALSE
	EndGlobalSection
	GlobalSection(ExtensibilityGlobals) = postSolution
		SolutionGuid = {226BC19A-5F8E-4941-80D2-814BF6EEF9B1}
	EndGlobalSection
EndGlobal
